
Microsoft Visual Studio Solution File, Format Version 12.00
# Visual Studio Version 17
VisualStudioVersion = 17.13.35828.75 d17.13
MinimumVisualStudioVersion = 10.0.40219.1
Project("{FAE04EC0-301F-11D3-BF4B-00C04F79EFBC}") = "SearchAlgorithms", "SearchAlgorithms\SearchAlgorithms.csproj", "{2E7EDAF9-8FF8-4AA1-B825-5AA99096A384}"
EndProject
Global
	GlobalSection(SolutionConfigurationPlatforms) = preSolution
		Debug|Any CPU = Debug|Any CPU
		Release|Any CPU = Release|Any CPU
	EndGlobalSection
	GlobalSection(ProjectConfigurationPlatforms) = postSolution
		{2E7EDAF9-8FF8-4AA1-B825-5AA99096A384}.Debug|Any CPU.ActiveCfg = Debug|Any CPU
		{2E7EDAF9-8FF8-4AA1-B825-5AA99096A384}.Debug|Any CPU.Build.0 = Debug|Any CPU
		{2E7EDAF9-8FF8-4AA1-B825-5AA99096A384}.Release|Any CPU.ActiveCfg = Release|Any CPU
		{2E7EDAF9-8FF8-4AA1-B825-5AA99096A384}.Release|Any CPU.Build.0 = Release|Any CPU
	EndGlobalSection
	GlobalSection(SolutionProperties) = preSolution
		HideSolutionNode = FALSE
	EndGlobalSection
	GlobalSection(ExtensibilityGlobals) = postSolution
		SolutionGuid = {8B5D46B5-0596-4473-AD1D-8AF721569921}
	EndGlobalSection
EndGlobal
